# This file is autogenerated, do not edit; changes may be undone by the next 'dep ensure'.


[[projects]]
  digest = "1:6138c398fd932d57db9f9daf08633aee3e8051e7d2a934d111d8697d2b8a2a09"
  name = "github.com/aerospike/aerospike-client-go"
  packages = [
    ".",
    "internal/atomic",
    "internal/lua",
    "internal/lua/resources",
    "internal/particle_type",
    "logger",
    "pkg/bcrypt",
    "pkg/ripemd160",
    "types",
    "types/rand",
    "utils/buffer",
  ]
  pruneopts = "UT"
  revision = "455eafeb51b610d9c74aecdbe1c9553102b94621"
  version = "v2.2.0"

[[projects]]
  digest = "1:ffe9824d294da03b391f44e1ae8281281b4afc1bdaa9588c9097785e3af10cec"
  name = "github.com/davecgh/go-spew"
  packages = ["spew"]
  pruneopts = "UT"
  revision = "8991bc29aa16c548c550c7ff78260e27b9ab7c73"
  version = "v1.1.1"

[[projects]]
  digest = "1:0028cb19b2e4c3112225cd871870f2d9cf49b9b4276531f03438a88e94be86fe"
  name = "github.com/pmezard/go-difflib"
  packages = ["difflib"]
  pruneopts = "UT"
  revision = "792786c7400a136282c1664665ae0a8db921c6c2"
  version = "v1.0.0"

[[projects]]
  digest = "1:972c2427413d41a1e06ca4897e8528e5a1622894050e2f527b38ddf0f343f759"
  name = "github.com/stretchr/testify"
  packages = ["assert"]
  pruneopts = "UT"
  revision = "ffdc059bfe9ce6a4e144ba849dbedead332c6053"
  version = "v1.3.0"

[[projects]]
  branch = "master"
  digest = "1:f680304b19a1f055b5df0ef87918d7f0920ef117c194ea25a8189e13ccb6ad52"
  name = "github.com/yuin/gopher-lua"
  packages = [
    ".",
    "ast",
    "parse",
    "pm",
  ]
  pruneopts = "UT"
  revision = "1cd887cd7036fd4be7a0cb180dd508cb8e2e689a"

[[projects]]
  branch = "master"
  digest = "1:b521f10a2d8fa85c04a8ef4e62f2d1e14d303599a55d64dabf9f5a02f84d35eb"
  name = "golang.org/x/sync"
  packages = ["errgroup"]
  pruneopts = "UT"
  revision = "112230192c580c3556b8cee6403af37a4fc5f28c"

[solve-meta]
  analyzer-name = "dep"
  analyzer-version = 1
  input-imports = [
    "github.com/aerospike/aerospike-client-go",
    "github.com/stretchr/testify/assert",
  ]
  solver-name = "gps-cdcl"
  solver-version = 1
